
Microsoft Visual Studio Solution File, Format Version 12.00
# Visual Studio 15
VisualStudioVersion = 15.0.27703.2000
MinimumVisualStudioVersion = 10.0.40219.1
Project("{FAE04EC0-301F-11D3-BF4B-00C04F79EFBC}") = "LibraryMVC", "LibraryMVC\LibraryMVC.csproj", "{53E59A07-217C-48D7-8692-F1E517FBDEAA}"
EndProject
Global
	GlobalSection(SolutionConfigurationPlatforms) = preSolution
		Debug|Any CPU = Debug|Any CPU
		Release|Any CPU = Release|Any CPU
	EndGlobalSection
	GlobalSection(ProjectConfigurationPlatforms) = postSolution
		{53E59A07-217C-48D7-8692-F1E517FBDEAA}.Debug|Any CPU.ActiveCfg = Debug|Any CPU
		{53E59A07-217C-48D7-8692-F1E517FBDEAA}.Debug|Any CPU.Build.0 = Debug|Any CPU
		{53E59A07-217C-48D7-8692-F1E517FBDEAA}.Release|Any CPU.ActiveCfg = Release|Any CPU
		{53E59A07-217C-48D7-8692-F1E517FBDEAA}.Release|Any CPU.Build.0 = Release|Any CPU
	EndGlobalSection
	GlobalSection(SolutionProperties) = preSolution
		HideSolutionNode = FALSE
	EndGlobalSection
	GlobalSection(ExtensibilityGlobals) = postSolution
		SolutionGuid = {28C9051A-A2D1-4A9B-9EA6-A4D8E40DC959}
	EndGlobalSection
EndGlobal
